# Every id the support ledger has had, with the phase it was first given. Append-only:
# ledger-check --write adds new ids; a row is never deleted (mark it superseded).
element:a	6
element:altGlyph	0
element:altGlyphDef	0
element:altGlyphItem	0
element:animate	5
element:animateColor	0
element:animateMotion	5
element:animateTransform	5
element:animation	6
element:audio	6
element:canvas	0
element:circle	1
element:clipPath	3
element:color-profile	0
element:cursor	0
element:defs	1
element:desc	1
element:discard	0
element:ellipse	1
element:feBlend	4
element:feColorMatrix	4
element:feComponentTransfer	4
element:feComposite	4
element:feConvolveMatrix	4
element:feDiffuseLighting	4
element:feDisplacementMap	4
element:feDistantLight	4
element:feDropShadow	4
element:feFlood	4
element:feFuncA	4
element:feFuncB	4
element:feFuncG	4
element:feFuncR	4
element:feGaussianBlur	4
element:feImage	4
element:feMerge	4
element:feMergeNode	4
element:feMorphology	4
element:feOffset	4
element:fePointLight	4
element:feSpecularLighting	4
element:feSpotLight	4
element:feTile	4
element:feTurbulence	4
element:filter	4
element:font	0
element:font-face	0
element:font-face-format	0
element:font-face-name	0
element:font-face-src	0
element:font-face-uri	0
element:foreignObject	4
element:g	1
element:glyph	0
element:glyphRef	0
element:handler	6
element:hkern	0
element:iframe	6
element:image	4
element:line	1
element:linearGradient	1
element:listener	6
element:marker	3
element:mask	3
element:metadata	1
element:missing-glyph	0
element:mpath	5
element:path	1
element:pattern	3
element:polygon	1
element:polyline	1
element:prefetch	6
element:radialGradient	1
element:rect	1
element:script	6
element:set	5
element:solidColor	0
element:stop	1
element:style	2
element:svg	1
element:switch	6
element:symbol	2
element:tbreak	0
element:text	1
element:textArea	0
element:textPath	3
element:title	1
element:tref	0
element:tspan	1
element:unknown	0
element:use	2
element:video	6
element:view	2
element:vkern	0
element:xhtml/div	4
element:xhtml/span	4
element:xhtml/p	4
element:xhtml/br	4
element:xhtml/b	4
element:xhtml/i	4
element:xhtml/em	4
element:xhtml/strong	4
element:xhtml/small	4
element:xhtml/sub	4
element:xhtml/sup	4
element:xhtml/u	4
element:xhtml/s	4
element:xhtml/mark	4
element:xhtml/code	4
element:xhtml/pre	4
element:xhtml/blockquote	4
element:xhtml/h1	4
element:xhtml/h2	4
element:xhtml/h3	4
element:xhtml/h4	4
element:xhtml/h5	4
element:xhtml/h6	4
element:xhtml/ul	4
element:xhtml/ol	4
element:xhtml/li	4
element:xhtml/dl	4
element:xhtml/dt	4
element:xhtml/dd	4
element:xhtml/table	4
element:xhtml/thead	4
element:xhtml/tbody	4
element:xhtml/tr	4
element:xhtml/th	4
element:xhtml/td	4
element:xhtml/img	4
element:xhtml/figure	4
element:xhtml/figcaption	4
element:xhtml/hr	4
element:xhtml/abbr	4
element:xhtml/cite	4
element:xhtml/q	4
element:xhtml/time	4
element:xhtml/section	4
element:xhtml/article	4
element:xhtml/header	4
element:xhtml/footer	4
element:xhtml/nav	4
element:xhtml/main	4
element:xhtml/aside	4
element:xhtml/address	4
element:xhtml/caption	4
element:xhtml/tfoot	4
element:xhtml/col	4
element:xhtml/colgroup	4
element:xhtml/del	4
element:xhtml/ins	4
element:xhtml/kbd	4
element:xhtml/samp	4
element:xhtml/var	4
element:xhtml/dfn	4
element:xhtml/bdi	4
element:xhtml/bdo	4
element:xhtml/wbr	4
element:xhtml/ruby	4
element:xhtml/rt	4
element:xhtml/rp	4
element:xhtml/data	4
element:xhtml/a	6
element:xhtml/script	6
element:xhtml/iframe	6
element:xhtml/object	6
element:xhtml/embed	6
element:xhtml/form	6
element:xhtml/input	6
element:xhtml/button	6
element:xhtml/textarea	6
element:xhtml/select	6
element:xhtml/link	6
element:xhtml/meta	6
element:xhtml/base	6
element:xhtml/style	6
element:xhtml/video	6
element:xhtml/audio	6
element:xhtml/source	6
element:xhtml/track	6
element:xhtml/canvas	6
element:xhtml/frame	6
element:xhtml/frameset	6
element:xhtml/portal	6
element:xhtml/*	0
element:mathml/*	6
element:*/*	2
element:svg/*	0
attribute:about	0
attribute:accent-height	0
attribute:accumulate	5
attribute:additive	5
attribute:alignment-baseline	3
attribute:alphabetic	0
attribute:amplitude	4
attribute:arabic-form	0
attribute:ascent	0
attribute:attributeName	5
attribute:attributeType	5
attribute:azimuth	4
attribute:bandwidth	0
attribute:baseFrequency	4
attribute:baseProfile	0
attribute:baseline-shift	3
attribute:bbox	0
attribute:begin	5
attribute:bias	4
attribute:by	5
attribute:calcMode	5
attribute:cap-height	0
attribute:class	2
attribute:clip	0
attribute:clip-path	3
attribute:clip-rule	3
attribute:clipPathUnits	3
attribute:color	1
attribute:color-interpolation	4
attribute:color-interpolation-filters	4
attribute:color-profile	0
attribute:color-rendering	0
attribute:content	0
attribute:contentScriptType	0
attribute:contentStyleType	0
attribute:crossorigin	0
attribute:cursor	6
attribute:cx	1
attribute:cy	1
attribute:d	1
attribute:datatype	0
attribute:defaultAction	6
attribute:descent	0
attribute:diffuseConstant	4
attribute:direction	3
attribute:display	1
attribute:divisor	4
attribute:dominant-baseline	3
attribute:download	6
attribute:dur	5
attribute:dx	3
attribute:dx@p4	4
attribute:dy	3
attribute:dy@p4	4
attribute:edgeMode	4
attribute:editable	0
attribute:elevation	4
attribute:enable-background	0
attribute:end	5
attribute:event	6
attribute:exponent	4
attribute:externalResourcesRequired	0
attribute:fill	1
attribute:fill@animate	5
attribute:fill-opacity	1
attribute:fill-rule	1
attribute:filter	4
attribute:filterRes	0
attribute:filterUnits	4
attribute:flood-color	4
attribute:flood-opacity	4
attribute:focusHighlight	0
attribute:focusable	0
attribute:font-family	1
attribute:font-size	1
attribute:font-size-adjust	3
attribute:font-stretch	3
attribute:font-style	1
attribute:font-variant	3
attribute:font-weight	1
attribute:format	0
attribute:fr	1
attribute:from	5
attribute:fx	1
attribute:fy	1
attribute:g1	0
attribute:g2	0
attribute:glyph-name	0
attribute:glyph-orientation-horizontal	0
attribute:glyph-orientation-vertical	0
attribute:glyphRef	0
attribute:gradientTransform	1
attribute:gradientUnits	1
attribute:handler	6
attribute:hanging	0
attribute:height	1
attribute:height@p2	2
attribute:height@p3	3
attribute:height@p4	4
attribute:horiz-adv-x	0
attribute:horiz-origin-x	0
attribute:horiz-origin-y	0
attribute:href	1
attribute:href@p2	2
attribute:href@p3	3
attribute:href@p4	4
attribute:href@p5	5
attribute:hreflang	6
attribute:id	1
attribute:ideographic	0
attribute:image-rendering	4
attribute:in	4
attribute:in2	4
attribute:initialVisibility	0
attribute:intercept	4
attribute:k	0
attribute:k1	4
attribute:k2	4
attribute:k3	4
attribute:k4	4
attribute:kernelMatrix	4
attribute:kernelUnitLength	4
attribute:kerning	0
attribute:keyPoints	5
attribute:keySplines	5
attribute:keyTimes	5
attribute:lang	1
attribute:lengthAdjust	3
attribute:letter-spacing	3
attribute:lighting-color	4
attribute:limitingConeAngle	4
attribute:local	0
attribute:marker-end	3
attribute:marker-mid	3
attribute:marker-start	3
attribute:markerHeight	3
attribute:markerUnits	3
attribute:markerWidth	3
attribute:mask	3
attribute:maskContentUnits	3
attribute:maskUnits	3
attribute:mathematical	0
attribute:max	5
attribute:media	2
attribute:mediaCharacterEncoding	0
attribute:mediaContentEncodings	0
attribute:mediaSize	0
attribute:mediaTime	0
attribute:method	3
attribute:min	5
attribute:mode	4
attribute:name	0
attribute:nav-down	0
attribute:nav-down-left	0
attribute:nav-down-right	0
attribute:nav-left	0
attribute:nav-next	0
attribute:nav-prev	0
attribute:nav-right	0
attribute:nav-up	0
attribute:nav-up-left	0
attribute:nav-up-right	0
attribute:numOctaves	4
attribute:observer	6
attribute:offset	1
attribute:offset@feFuncA	4
attribute:opacity	1
attribute:operator	4
attribute:order	4
attribute:orient	3
attribute:orientation	0
attribute:origin	0
attribute:overflow	2
attribute:overlay	0
attribute:overline-position	0
attribute:overline-thickness	0
attribute:paint-order	1
attribute:panose-1	0
attribute:path	5
attribute:path@textPath	3
attribute:pathLength	5
attribute:patternContentUnits	3
attribute:patternTransform	3
attribute:patternUnits	3
attribute:phase	6
attribute:ping	6
attribute:playbackOrder	0
attribute:playbackorder	0
attribute:pointer-events	6
attribute:points	1
attribute:pointsAtX	4
attribute:pointsAtY	4
attribute:pointsAtZ	4
attribute:preserveAlpha	4
attribute:preserveAspectRatio	2
attribute:preserveAspectRatio@p3	3
attribute:preserveAspectRatio@p4	4
attribute:primitiveUnits	4
attribute:propagate	6
attribute:property	0
attribute:r	1
attribute:radius	4
attribute:refX	2
attribute:refX@p3	3
attribute:refY	2
attribute:refY@p3	3
attribute:referrerpolicy	6
attribute:rel	0
attribute:rendering-intent	0
attribute:repeatCount	5
attribute:repeatDur	5
attribute:requiredExtensions	6
attribute:requiredFeatures	0
attribute:requiredFonts	0
attribute:requiredFormats	0
attribute:resource	0
attribute:restart	5
attribute:result	4
attribute:rev	0
attribute:rotate	3
attribute:rotate@animateMotion	5
attribute:rx	1
attribute:ry	1
attribute:scale	4
attribute:seed	4
attribute:shape-rendering	1
attribute:side	3
attribute:slope	4
attribute:slope@font-face	0
attribute:snapshotTime	0
attribute:spacing	3
attribute:specularConstant	4
attribute:specularExponent	4
attribute:spreadMethod	1
attribute:startOffset	3
attribute:stdDeviation	4
attribute:stemh	0
attribute:stemv	0
attribute:stitchTiles	4
attribute:stop-color	1
attribute:stop-opacity	1
attribute:strikethrough-position	0
attribute:strikethrough-thickness	0
attribute:string	0
attribute:stroke	1
attribute:stroke-dasharray	1
attribute:stroke-dashoffset	1
attribute:stroke-linecap	1
attribute:stroke-linejoin	1
attribute:stroke-miterlimit	1
attribute:stroke-opacity	1
attribute:stroke-width	1
attribute:style	2
attribute:surfaceScale	4
attribute:syncBehavior	0
attribute:syncBehaviorDefault	0
attribute:syncMaster	0
attribute:syncTolerance	0
attribute:syncToleranceDefault	0
attribute:systemLanguage	6
attribute:tabindex	1
attribute:tableValues	4
attribute:target	6
attribute:target@listener	6
attribute:targetX	4
attribute:targetY	4
attribute:text-anchor	1
attribute:text-decoration	3
attribute:text-overflow	3
attribute:text-rendering	3
attribute:textLength	3
attribute:timelineBegin	0
attribute:timelinebegin	0
attribute:title	0
attribute:to	5
attribute:transform	1
attribute:transformBehavior	0
attribute:type	4
attribute:type@animateTransform	5
attribute:type@style	2
attribute:type@a	6
attribute:type@script	6
attribute:type@audio	0
attribute:typeof	0
attribute:u1	0
attribute:u2	0
attribute:underline-position	0
attribute:underline-thickness	0
attribute:unicode	0
attribute:unicode-bidi	3
attribute:unicode-range	0
attribute:units-per-em	0
attribute:v-alphabetic	0
attribute:v-hanging	0
attribute:v-ideographic	0
attribute:v-mathematical	0
attribute:values	5
attribute:values@feColorMatrix	4
attribute:vector-effect	1
attribute:version	0
attribute:vert-adv-y	0
attribute:vert-origin-x	0
attribute:vert-origin-y	0
attribute:viewBox	2
attribute:viewBox@p3	3
attribute:viewTarget	0
attribute:visibility	1
attribute:white-space	3
attribute:width	1
attribute:width@p2	2
attribute:width@p3	3
attribute:width@p4	4
attribute:widths	0
attribute:word-spacing	3
attribute:writing-mode	3
attribute:x	1
attribute:x@p2	2
attribute:x@p3	3
attribute:x@p4	4
attribute:x-height	0
attribute:x1	1
attribute:x2	1
attribute:xChannelSelector	4
attribute:y	1
attribute:y@p2	2
attribute:y@p3	3
attribute:y@p4	4
attribute:y1	1
attribute:y2	1
attribute:yChannelSelector	4
attribute:z	4
attribute:zoomAndPan	0
attribute:href@a	6
attribute:xhtml/id	4
attribute:xhtml/class	4
attribute:xhtml/style	4
attribute:xhtml/dir	4
attribute:xhtml/lang	4
attribute:xhtml/title	4
attribute:xhtml/width	4
attribute:xhtml/width@table	4
attribute:xhtml/height	4
attribute:xhtml/height@table	4
attribute:xhtml/alt	4
attribute:xhtml/src	4
attribute:xhtml/colspan	4
attribute:xhtml/rowspan	4
attribute:xhtml/datetime	0
attribute:xhtml/cite	0
attribute:xhtml/hidden	4
attribute:xhtml/popover	4
attribute:xhtml/border	4
attribute:xhtml/align	4
attribute:xhtml/valign	4
attribute:xhtml/bgcolor	4
attribute:xhtml/cellpadding	4
attribute:xhtml/cellspacing	4
attribute:xhtml/start	4
attribute:xhtml/reversed	4
attribute:xhtml/value	4
attribute:xhtml/span	4
attribute:xhtml/href	6
attribute:xhtml/target	6
attribute:xlink:href	1
attribute:xlink:href@a	6
attribute:xlink:href@p2	2
attribute:xlink:href@p3	3
attribute:xlink:href@p4	4
attribute:xlink:href@p5	5
attribute:xlink:title	6
attribute:xlink:show	0
attribute:xlink:actuate	0
attribute:xlink:type	0
attribute:xlink:role	0
attribute:xlink:arcrole	0
attribute:xml:space	1
attribute:xml:lang	1
attribute:xml:id	0
attribute:xml:base	0
attribute:on*	6
attribute:aria-*	1
attribute:role	1
attribute:data-*	0
attribute:transform-origin	1
attribute:mask-type	3
attribute:(other)	0
property:mix-blend-mode	4
property:isolation	4
property:transform-box	1
property:animation	5
property:@keyframes	5
property:transition	6
property:offset-path	5
property:offset-distance	5
property:offset-rotate	5
property:font-feature-settings	3
property:font-variation-settings	3
property:font-kerning	3
property:text-decoration-line	3
property:text-decoration-color	3
property:text-decoration-style	3
property:text-decoration-thickness	3
property:text-transform	3
property:font	3
property:line-height	4
property:hyphens	4
property:inline-size	0
property:shape-inside	0
property:shape-subtract	0
property:shape-padding	0
property:shape-margin	0
property:shape-image-threshold	0
property:marker	3
property:mask-image	3
property:mask-mode	3
property:mask-position	3
property:mask-size	3
property:mask-repeat	3
property:mask-composite	3
property:custom-properties	2
property:@media	2
property:@font-face	1
property:@import	0
property::hover	2
property::focus	6
property::active	6
property:@supports	0
property:@layer	0
property:@container	0
property:@namespace	0
property:will-change	0
property:contain	0
property:animation-timeline	0
property:html-layout	4
value:paint/none	1
value:paint/color	1
value:paint/currentColor	1
value:paint/url	1
value:paint/url-fallback	1
value:paint/context-fill	3
value:paint/context-stroke	3
value:color/hex	1
value:color/hex-alpha	1
value:color/rgb	1
value:color/rgb-modern	1
value:color/hsl	1
value:color/named	1
value:color/transparent	1
value:color/hwb	1
value:color/lab	1
value:color/lch	1
value:color/oklab	1
value:color/oklch	1
value:color/color-function	0
value:color/color-mix	0
value:color/relative	0
value:color/light-dark	0
value:color/system	0
value:length/user	1
value:length/px	1
value:length/absolute	1
value:length/em-ex	1
value:length/rem	1
value:length/percent	1
value:transform/matrix	1
value:transform/translate	1
value:transform/scale	1
value:transform/rotate	1
value:transform/skew	1
value:transform/css-functions	0
value:path/M	1
value:path/L	1
value:path/H	1
value:path/V	1
value:path/Z	1
value:path/relative	1
value:path/implicit	1
value:path/multi-subpath	1
value:path/C	1
value:path/S	1
value:path/Q	1
value:path/T	1
value:path/A	1
value:path/arc-flags-packed	1
value:path/error-tail	0
value:viewbox/viewBox	2
value:viewbox/preserveAspectRatio	2
value:viewbox/slice	2
value:viewbox/none	2
value:units/userSpaceOnUse	1
value:units/objectBoundingBox	1
value:spread/pad	1
value:spread/reflect	1
value:spread/repeat	1
value:smil/offset	5
value:smil/syncbase	5
value:smil/event	5
value:smil/repeat	5
value:smil/indefinite	5
value:smil/wallclock	5
value:smil/accessKey	5
value:smil/calcMode	5
value:smil/keySplines	5
value:smil/freeze	5
value:smil/additive	5
value:smil/accumulate	5
value:smil/rotate-auto	5
value:css/basic-shapes	3
value:css/filter-functions	4
value:css/d-path	5
value:url/fragment	1
value:url/relative	1
value:url/data-image	1
value:url/http-link	6
value:url/mailto	6
value:url/javascript	0
value:url/vbscript	0
value:url/data-html	0
value:url/external-resource	0
syntax:xml-declaration	0
syntax:bom	0
syntax:line-endings	0
syntax:doctype	0
syntax:internal-entities	0
syntax:external-entities	0
syntax:parameter-entities	0
syntax:char-refs	0
syntax:predefined-entities	0
syntax:cdata	0
syntax:comments	0
syntax:processing-instructions	0
syntax:self-closing	0
syntax:quotes	0
syntax:tag-whitespace	0
syntax:attribute-order	0
syntax:namespace-prefixes	0
syntax:duplicate-ids	0
syntax:svgz	0
syntax:non-utf8	0
syntax:limits	0
syntax:malformed	0
namespace:svg	1
namespace:xlink	1
namespace:xml	1
namespace:xhtml	4
namespace:rdf	1
namespace:dc	1
namespace:dcterms	1
namespace:cc	1
namespace:cc-legacy	1
namespace:mathml	6
namespace:inkscape	2
namespace:sodipodi	0
namespace:illustrator	0
namespace:adobe-extensibility	0
namespace:adobe-graphs	0
namespace:adobe-sfw	0
namespace:sketch	0
namespace:serif	0
namespace:xml-events	6
namespace:other	2
capability:vector/two-pane-compare	1
capability:vector/zoom	1
capability:vector/pan	1
capability:vector/raster-resolution	1
capability:vector/pixel-grid	1
capability:vector/pane-captions	1
capability:vector/circle-radius	1
capability:vector/colors	1
capability:vector/star-polygon	1
capability:vector/goal-zoom-8x	1
capability:vector/goal-change-color	1
capability:grid/tap-to-place	1
capability:grid/center-handle	1
capability:grid/drag-circle	1
capability:grid/coordinate-guides	1
capability:grid/edit-center	1
capability:grid/edit-radius	1
capability:grid/edit-fill	1
capability:grid/goal-80-20	1
capability:grid/goal-10-90	1
capability:grid/goal-r-20	1
capability:shapes/pick-shape	1
capability:shapes/drag-move	1
capability:shapes/rect-attrs	1
capability:shapes/rect-corner-handles	1
capability:shapes/circle-handles	1
capability:shapes/ellipse-handles	1
capability:shapes/line-endpoints	1
capability:shapes/line-stroke	1
capability:shapes/polygon-points	1
capability:shapes/fill	1
capability:shapes/goal-square	1
capability:shapes/goal-round-corners	1
capability:shapes/goal-ellipse-circle	1
capability:style/solid-or-gradient	1
capability:style/gradient-stops	1
capability:style/fill	1
capability:style/stroke	1
capability:style/opacity	1
capability:style/polyline-stroke	1
capability:style/linecap	1
capability:style/linejoin	1
capability:style/dasharray	1
capability:style/goal-dashed	1
capability:style/goal-bevel	1
capability:style/goal-gradient	1
capability:paths/add-point	1
capability:paths/bend-segment	1
capability:paths/tap-bend	1
capability:paths/segment-type-cycle	1
capability:paths/move-anchor	1
capability:paths/drag-control	1
capability:paths/control-arms	1
capability:paths/point-tokens	1
capability:paths/close-z	1
capability:paths/undo-point	1
capability:paths/clear	1
capability:paths/presets	1
capability:paths/fill-stroke	1
capability:paths/cap-join	1
capability:paths/goal-3-points	1
capability:paths/goal-bend	1
capability:paths/goal-close	1
capability:paths/goal-fill	1
capability:transform/group-transform	1
capability:transform/translate-handle	1
capability:transform/drag-group	1
capability:transform/rotate-handle	1
capability:transform/scale-handle	1
capability:transform/transform-tokens	1
capability:transform/local-grid	1
capability:transform/child-colors	1
capability:transform/goal-upside-down	1
capability:transform/goal-double	1
capability:transform/goal-top-right	1
capability:animate/pulse	5
capability:animate/pulse-values	5
capability:animate/spin	5
capability:animate/slide	5
capability:animate/calc-mode	5
capability:animate/draw-on	5
capability:animate/color	5
capability:animate/duration	5
capability:animate/repeat-count	5
capability:animate/shape-color	5
capability:animate/pause-play	5
capability:animate/replay	5
capability:animate/paused-still	5
capability:animate/goal-3-motions	5
capability:animate/goal-speed-up	5
capability:animate/goal-play-once	5
capability:charts/data-comment	3
capability:charts/drag-bar	3
capability:charts/derived-geometry	3
capability:charts/bars-mode	3
capability:charts/line-mode	3
capability:charts/series-color	3
capability:charts/add-bar	3
capability:charts/remove-bar	3
capability:charts/shuffle	3
capability:charts/goal-100	3
capability:charts/goal-add-bar	3
capability:charts/goal-line	3
capability:create/template-blank	1
capability:create/template-icon	1
capability:create/template-logo	1
capability:create/template-scene	1
capability:create/name-drawing	1
capability:create/add-rect	1
capability:create/add-circle	1
capability:create/add-ellipse	1
capability:create/add-line	1
capability:create/add-text	1
capability:create/pen-tool	1
capability:create/pen-undo-point	1
capability:create/pen-close	1
capability:create/pen-done	1
capability:create/select-shape	1
capability:create/select-from-code	1
capability:create/move-shape	1
capability:create/shape-handles	1
capability:create/path-handles	1
capability:create/code-tokens	1
capability:create/text-attrs	1
capability:create/fill-tool	1
capability:create/stroke-tool	1
capability:create/edit-text-tool	1
capability:create/close-open-path	1
capability:create/arrows	1
capability:create/gloss	1
capability:create/motion	5
capability:create/motion-duration	5
capability:create/motion-trigger	5
capability:create/effect	1
capability:create/duplicate	1
capability:create/z-order	1
capability:create/delete	1
capability:create/undo-redo	1
capability:create/grid-toggle	1
capability:create/play-pause-motion	5
capability:create/edit-raw-svg	1
capability:create/paste-shapes	1
capability:create/paste-path-parse	1
capability:create/paste-roundtrip	1
capability:create/raw-items	1
capability:create/export	1
capability:create/autosave	1
capability:create/empty-state	1
capability:create/keyboard	1
capability:create/goal-3-shapes	1
capability:create/goal-curve	1
capability:create/goal-motion	5
capability:create/goal-export	1
capability:arcs/arc-command	1
capability:arcs/arc-endpoints	1
capability:arcs/large-arc-flag	1
capability:arcs/sweep-flag	1
capability:arcs/ghost-arcs	1
capability:arcs/flag-labels	1
capability:arcs/arc-stroke	1
capability:arcs/donut-data	1
capability:arcs/donut-slices	1
capability:arcs/donut-boundaries	1
capability:arcs/donut-colors	1
capability:arcs/donut-percent-labels	1
capability:arcs/smooth-family	1
capability:arcs/smooth-handles	1
capability:arcs/mirror-guide	1
capability:arcs/relative-commands	1
capability:arcs/smooth-stroke	1
capability:arcs/holes-compound-path	1
capability:arcs/fill-rule	1
capability:arcs/reverse-inner	1
capability:arcs/direction-arrows	1
capability:arcs/holes-fill	1
capability:arcs/goal-all-arcs	1
capability:arcs/goal-slice-half	1
capability:arcs/goal-relative	1
capability:arcs/goal-hole-two-ways	1
capability:reuse/symbol-defs	2
capability:reuse/edit-symbol	2
capability:reuse/use-copies	2
capability:reuse/move-copy	2
capability:reuse/resize-copy	2
capability:reuse/inherited-fill	2
capability:reuse/swap-href	2
capability:reuse/select-copy	2
capability:reuse/add-copy	2
capability:reuse/remove-copy	2
capability:reuse/goal-edit-symbol	2
capability:reuse/goal-swap	2
capability:reuse/goal-add-copy	2
capability:paint/radial-gradient	3
capability:paint/radial-center	3
capability:paint/radial-radius	3
capability:paint/radial-focus	3
capability:paint/radial-tokens	3
capability:paint/spread-method	3
capability:paint/gradient-stops	3
capability:paint/bbox-guide	3
capability:paint/pattern	3
capability:paint/pattern-size	3
capability:paint/pattern-angle	3
capability:paint/pattern-contents	3
capability:paint/tile-guide	3
capability:paint/goal-highlight	3
capability:paint/goal-spread	3
capability:paint/goal-tilt	3
capability:paint/goal-denser	3
capability:clip/ghost-scene	3
capability:clip/keyhole-clip	3
capability:clip/move-keyhole	3
capability:clip/scale-keyhole	3
capability:clip/text-clip	3
capability:clip/text-clip-position	3
capability:clip/fade-mask	3
capability:clip/mask-stops	3
capability:clip/wipe-mask	3
capability:clip/wipe-play-pause	3
capability:clip/goal-move-keyhole	3
capability:clip/goal-own-word	3
capability:clip/goal-fade	3
capability:clip/goal-gray	3
capability:markers/arrow-marker	3
capability:markers/refx	3
capability:markers/marker-size	3
capability:markers/orient	3
capability:markers/marker-color	3
capability:markers/drag-box	3
capability:markers/box-labels	3
capability:markers/edge-anchored-lines	3
capability:markers/dot-markers	3
capability:markers/marker-position-toggles	3
capability:markers/dot-size-color	3
capability:markers/drag-data-point	3
capability:markers/goal-tip-end	3
capability:markers/goal-flip-start	3
capability:markers/goal-move-box	3
capability:markers/goal-mid-only	3
capability:type/text-on-path	3
capability:type/ring-path	3
capability:type/ring-radius-handle	3
capability:type/start-offset	3
capability:type/badge-type	3
capability:type/badge-text	3
capability:type/badge-colors	3
capability:type/path-start-guide	3
capability:type/tspan-lines	3
capability:type/tspan-dy	3
capability:type/tspan-styles	3
capability:type/line-text	3
capability:type/add-remove-line	3
capability:type/move-text-block	3
capability:type/goal-slide	3
capability:type/goal-own-badge	3
capability:type/goal-add-line	3
capability:type/goal-loosen	3
capability:css/style-element	2
capability:css/css-color-tokens	2
capability:css/current-color	2
capability:css/custom-property	2
capability:css/toggle-night	2
capability:css/toggle-tile	2
capability:css/hover-opacity	2
capability:css/goal-recolor	2
capability:css/goal-night	2
capability:css/goal-attribute-wins	2
capability:motion/animate-motion	5
capability:motion/route-handles	5
capability:motion/route-tokens	5
capability:motion/mirror-guide	5
capability:motion/mpath-toggle	5
capability:motion/rotate	5
capability:motion/duration	5
capability:motion/timeline-scrub	5
capability:motion/play-pause	5
capability:motion/time-readout	5
capability:motion/colors	5
capability:motion/goal-reshape	5
capability:motion/goal-no-turn	5
capability:motion/goal-slow	5
capability:motion/goal-scrub	5
capability:timing/event-begin	5
capability:timing/begin-choice	5
capability:timing/syncbase-chain	5
capability:timing/set-element	5
capability:timing/end-event	5
capability:timing/step-durations	5
capability:timing/car-translate	5
capability:timing/fill-freeze-remove	5
capability:timing/replay	5
capability:timing/discard-vs-set	5
capability:timing/discard-support	5
capability:timing/goal-tap-start	5
capability:timing/goal-change-step	5
capability:timing/goal-snap-back	5
capability:timing/goal-pop-set	5
capability:spin/dash-arc	5
capability:spin/arc-color	5
capability:spin/smil-rotate	5
capability:spin/css-keyframes	5
capability:spin/css-easing	5
capability:spin/js-raf	5
capability:spin/shared-speed	5
capability:spin/pause	5
capability:spin/goal-all-three	5
capability:spin/goal-speed	5
capability:spin/goal-easing	5
capability:spin/goal-stretch	5
capability:links/anchor-links	6
capability:links/link-target	6
capability:links/link-preview	6
capability:links/hover-style	6
capability:links/script-tooltip	6
capability:links/event-type	6
capability:links/tooltip-prefix	6
capability:links/inline-vs-img	6
capability:links/click-set	6
capability:links/badge-spin	6
capability:links/script-message	6
capability:links/modes-pause	6
capability:links/goal-tap-link	6
capability:links/goal-tooltip	6
capability:links/goal-pointerenter	6
capability:links/goal-compare	6
capability:shadow/filter-applied	4
capability:shadow/blur	4
capability:shadow/offset	4
capability:shadow/flood	4
capability:shadow/composite-operator	4
capability:shadow/merge	4
capability:shadow/drop-shadow	4
capability:shadow/neon	4
capability:shadow/neon-color	4
capability:shadow/step-strip	4
capability:shadow/goal-move-shadow	4
capability:shadow/goal-operator	4
capability:shadow/goal-one-line	4
capability:shadow/goal-peek	4
capability:color/scene-filtered	4
capability:color/matrix-type	4
capability:color/saturate	4
capability:color/hue-rotate	4
capability:color/sepia-matrix	4
capability:color/duotone	4
capability:color/posterize	4
capability:color/alpha-slope	4
capability:color/blend	4
capability:color/blend-mode	4
capability:color/step-strip	4
capability:color/goal-hues	4
capability:color/goal-duotone	4
capability:color/goal-3-levels	4
capability:color/goal-blend	4
capability:texture/grain-noise	4
capability:texture/grain-specks	4
capability:texture/wobble	4
capability:texture/boil	4
capability:texture/outline	4
capability:texture/emboss-kernel	4
capability:texture/kernel-presets	4
capability:texture/tiles	4
capability:texture/step-strip	4
capability:texture/goal-grain	4
capability:texture/goal-wobble	4
capability:texture/goal-outline	4
capability:texture/goal-kernel	4
capability:light/bump-map	4
capability:light/light-kind	4
capability:light/surface-kind	4
capability:light/point-light	4
capability:light/distant-light	4
capability:light/spot-light	4
capability:light/diffuse	4
capability:light/specular	4
capability:light/surface-scale	4
capability:light/lighting-color	4
capability:light/step-strip	4
capability:light/goal-move-light	4
capability:light/goal-spot	4
capability:light/goal-shiny	4
capability:light/goal-raise	4
capability:size/nested-viewport	2
capability:size/resize-viewport	2
capability:size/preserve-aspect-ratio	2
capability:size/viewport-guide	2
capability:size/view-elements	2
capability:size/jump-to-view	2
capability:size/goal-slice	2
capability:size/goal-none	2
capability:size/goal-corner	2
capability:size/goal-view	2
capability:access/title	1
capability:access/desc	1
capability:access/root-aria	1
capability:access/bar-titles	1
capability:access/metadata	1
capability:access/screen-reader-preview	1
capability:access/chart	1
capability:access/goal-no-title	1
capability:access/goal-own-title	1
capability:access/goal-bar-titles	1
capability:access/goal-metadata	1
capability:embed/image-element	4
capability:embed/image-geometry	4
capability:embed/image-aspect	4
capability:embed/image-rounded-clip	4
capability:embed/own-photo	4
capability:embed/caption	4
capability:embed/foreign-object	4
capability:embed/bubble-width	4
capability:embed/bubble-text	4
capability:embed/goal-meet	4
capability:embed/goal-own-photo	4
capability:embed/goal-squeeze	4
capability:embed/goal-own-words	4
capability:media/video-clipped	6
capability:media/clip-shape	6
capability:media/video-direct-test	6
capability:media/audio-player	6
capability:media/canvas-script	6
capability:media/canvas-clear	6
capability:media/iframe	6
capability:media/goal-clip	6
capability:media/goal-audio	6
capability:media/goal-paint	6
capability:media/goal-iframe	6
capability:switch/switch-language	6
capability:switch/language-tokens	6
capability:switch/switch-report	6
capability:switch/unknown-tag	6
capability:switch/rename-to-g	6
capability:switch/unknown-report	6
capability:switch/goal-your-language	6
capability:switch/goal-change-language	6
capability:switch/goal-meet-unknown	6
capability:switch/goal-rename	6
capability:code/live-code	0
capability:code/root-wrapper	0
capability:code/pretty-print	0
capability:code/legend	0
capability:code/number-scrub	0
capability:code/number-sheet	0
capability:code/number-keyboard	0
capability:code/readonly-number	0
capability:code/enum-cycle	0
capability:code/color-token	0
capability:code/color-sheet	0
capability:code/text-sheet	0
capability:code/edit-raw-svg	0
capability:code/paste-sanitize	0
capability:code/copy	0
capability:code/download	0
capability:code/select-block	0
capability:code/comment-tokens	1
capability:code/css-and-script-tokens	6
capability:code/css-tokens	2
capability:code/script-tokens	5
capability:shared/sets-sheet	8
capability:shared/lesson-tabs	8
capability:shared/goals-progress	8
capability:shared/next-button	8
capability:shared/resume	0
capability:shared/title-hint	8
capability:shared/mode-chips	8
capability:shared/artboard	1
capability:shared/handles	1
capability:shared/tap-vs-drag	0
capability:shared/drag-tooltip	1
capability:shared/live-svg-passthrough	5
capability:shared/side-by-side-panes	8
capability:shared/filter-step-strip	4
capability:shared/context-note	8
capability:shared/reduced-motion	0
capability:shared/bottom-sheet	0
capability:shared/toast	0
capability:shared/theme	0
capability:shared/responsive-layout	0
capability:shared/error-recovery	0
feature:safe-viewer	0
feature:zoom-pan	0
feature:code-live	0
feature:code-scrub	0
feature:code-sheets	0
feature:edit-source	0
feature:undo-redo	0
feature:round-trip	0
feature:open	0
feature:import-report	0
feature:export-svg	0
feature:drafts	0
feature:support-tab	0
feature:canvas-root-isolation	0
feature:render-sink	0
feature:dompurify-opinion	0
feature:shadow-root-decision	0
feature:meta-csp	0
feature:sink-ban	0
feature:served-profile	0
feature:save-working-copy	0
feature:select-transform	1
feature:align-distribute	1
feature:groups	1
feature:layers	1
feature:snapping-guides	1
feature:shapes-generators	1
feature:pen-node	1
feature:arc-editing	1
feature:smooth-segments	1
feature:holes	1
feature:color-alpha	1
feature:gradients-gloss	1
feature:booleans	1
feature:stroke-to-path	1
feature:text-fonts	1
feature:text-to-path	1
feature:accessibility-panel	1
feature:quick-starts-icon-logo	1
feature:finish-sheet	1
feature:png-sets	1
feature:ipad-pencil	1
feature:open-from-lab	1
feature:shortcuts-palette	1
feature:library-connect	2
feature:library-publish	2
feature:library-conflicts	2
feature:share-links	2
feature:private-terms	2
feature:symbols-sprites	2
feature:stylesheet-panel	2
feature:artboards	2
feature:palettes-templates	2
feature:font-upload	2
feature:launcher-listing	2
feature:markers	3
feature:connectors	3
feature:clip-mask	3
feature:patterns	3
feature:typography	3
feature:charts	3
feature:freehand	3
feature:shape-builder	3
feature:effects	4
feature:blending	4
feature:photos	4
feature:frames	4
feature:text-boxes	4
feature:brand-kit	4
feature:poster-social-presets	4
feature:magic-resize	4
feature:large-png	4
feature:timeline	5
feature:easing-editor	5
feature:stagger	5
feature:triggers	5
feature:motion-paths	5
feature:draw-on-morph	5
feature:smil-css-compilers	5
feature:script-preview	5
feature:links	6
feature:scripts-preview	6
feature:media-placeholders	6
feature:switch-editor	6
feature:unknown-elements	6
feature:offset	7
feature:simplify	7
feature:fillet	7
feature:transform-dialog	7
feature:measure	7
feature:trace-bitmap	7
feature:minify	7
feature:find-replace	7
feature:ledger-closed	8
feature:perf-10k	8
feature:lab-routes	8
feature:security-review	8
feature:offline	8
feature:home-screen-install	8
capability:shared/handle-snap	1
feature:working-copy-metadata	1
feature:served-profile-before-save	2
syntax:strict-well-formedness	1
namespace:draw	1
